// !$*UTF8*$!
{
	archiveVersion = 1;
	classes = {
	};
	objectVersion = 56;
	objects = {

/* Begin PBXBuildFile section */
		8B7E616629EC122F007C69ED /* NewTaskItemView.swift in Sources */ = {isa = PBXBuildFile; fileRef = 8B7E616529EC122F007C69ED /* NewTaskItemView.swift */; };
		8B7E616829EC2261007C69ED /* BlankView.swift in Sources */ = {isa = PBXBuildFile; fileRef = 8B7E616729EC2261007C69ED /* BlankView.swift */; };
		8BB273E229E5E128005A25DF /* DevoteApp.swift in Sources */ = {isa = PBXBuildFile; fileRef = 8BB273E129E5E128005A25DF /* DevoteApp.swift */; };
		8BB273E429E5E128005A25DF /* ContentView.swift in Sources */ = {isa = PBXBuildFile; fileRef = 8BB273E329E5E128005A25DF /* ContentView.swift */; };
		8BB273E629E5E129005A25DF /* Assets.xcassets in Resources */ = {isa = PBXBuildFile; fileRef = 8BB273E529E5E129005A25DF /* Assets.xcassets */; };
		8BB273E929E5E129005A25DF /* Preview Assets.xcassets in Resources */ = {isa = PBXBuildFile; fileRef = 8BB273E829E5E129005A25DF /* Preview Assets.xcassets */; };
		8BB273EB29E5E129005A25DF /* Persistence.swift in Sources */ = {isa = PBXBuildFile; fileRef = 8BB273EA29E5E129005A25DF /* Persistence.swift */; };
		8BB273EE29E5E129005A25DF /* Devote.xcdatamodeld in Sources */ = {isa = PBXBuildFile; fileRef = 8BB273EC29E5E129005A25DF /* Devote.xcdatamodeld */; };
		8BB273F729E5E1FC005A25DF /* sound-rise.mp3 in Resources */ = {isa = PBXBuildFile; fileRef = 8BB273F429E5E1FB005A25DF /* sound-rise.mp3 */; };
		8BB273F829E5E1FC005A25DF /* sound-ding.mp3 in Resources */ = {isa = PBXBuildFile; fileRef = 8BB273F529E5E1FB005A25DF /* sound-ding.mp3 */; };
		8BB273F929E5E1FC005A25DF /* sound-tap.mp3 in Resources */ = {isa = PBXBuildFile; fileRef = 8BB273F629E5E1FC005A25DF /* sound-tap.mp3 */; };
		8BB2740629E5EC89005A25DF /* Constant.swift in Sources */ = {isa = PBXBuildFile; fileRef = 8BB2740529E5EC89005A25DF /* Constant.swift */; };
		8BB2740829E737C0005A25DF /* View+ext.swift in Sources */ = {isa = PBXBuildFile; fileRef = 8BB2740729E737C0005A25DF /* View+ext.swift */; };
		8BB2740A29E74028005A25DF /* BackgroundImageView.swift in Sources */ = {isa = PBXBuildFile; fileRef = 8BB2740929E74028005A25DF /* BackgroundImageView.swift */; };
/* End PBXBuildFile section */

/* Begin PBXFileReference section */
		8B7E616529EC122F007C69ED /* NewTaskItemView.swift */ = {isa = PBXFileReference; lastKnownFileType = sourcecode.swift; path = NewTaskItemView.swift; sourceTree = "<group>"; };
		8B7E616729EC2261007C69ED /* BlankView.swift */ = {isa = PBXFileReference; lastKnownFileType = sourcecode.swift; path = BlankView.swift; sourceTree = "<group>"; };
		8BB273DE29E5E128005A25DF /* Devote.app */ = {isa = PBXFileReference; explicitFileType = wrapper.application; includeInIndex = 0; path = Devote.app; sourceTree = BUILT_PRODUCTS_DIR; };
		8BB273E129E5E128005A25DF /* DevoteApp.swift */ = {isa = PBXFileReference; lastKnownFileType = sourcecode.swift; path = DevoteApp.swift; sourceTree = "<group>"; };
		8BB273E329E5E128005A25DF /* ContentView.swift */ = {isa = PBXFileReference; lastKnownFileType = sourcecode.swift; path = ContentView.swift; sourceTree = "<group>"; };
		8BB273E529E5E129005A25DF /* Assets.xcassets */ = {isa = PBXFileReference; lastKnownFileType = folder.assetcatalog; path = Assets.xcassets; sourceTree = "<group>"; };
		8BB273E829E5E129005A25DF /* Preview Assets.xcassets */ = {isa = PBXFileReference; lastKnownFileType = folder.assetcatalog; path = "Preview Assets.xcassets"; sourceTree = "<group>"; };
		8BB273EA29E5E129005A25DF /* Persistence.swift */ = {isa = PBXFileReference; lastKnownFileType = sourcecode.swift; path = Persistence.swift; sourceTree = "<group>"; };
		8BB273ED29E5E129005A25DF /* Devote.xcdatamodel */ = {isa = PBXFileReference; lastKnownFileType = wrapper.xcdatamodel; path = Devote.xcdatamodel; sourceTree = "<group>"; };
		8BB273F429E5E1FB005A25DF /* sound-rise.mp3 */ = {isa = PBXFileReference; lastKnownFileType = audio.mp3; path = "sound-rise.mp3"; sourceTree = "<group>"; };
		8BB273F529E5E1FB005A25DF /* sound-ding.mp3 */ = {isa = PBXFileReference; lastKnownFileType = audio.mp3; path = "sound-ding.mp3"; sourceTree = "<group>"; };
		8BB273F629E5E1FC005A25DF /* sound-tap.mp3 */ = {isa = PBXFileReference; lastKnownFileType = audio.mp3; path = "sound-tap.mp3"; sourceTree = "<group>"; };
		8BB2740029E5E2C7005A25DF /* Info.plist */ = {isa = PBXFileReference; lastKnownFileType = text.plist; path = Info.plist; sourceTree = "<group>"; };
		8BB2740529E5EC89005A25DF /* Constant.swift */ = {isa = PBXFileReference; lastKnownFileType = sourcecode.swift; path = Constant.swift; sourceTree = "<group>"; };
		8BB2740729E737C0005A25DF /* View+ext.swift */ = {isa = PBXFileReference; lastKnownFileType = sourcecode.swift; path = "View+ext.swift"; sourceTree = "<group>"; };
		8BB2740929E74028005A25DF /* BackgroundImageView.swift */ = {isa = PBXFileReference; lastKnownFileType = sourcecode.swift; path = BackgroundImageView.swift; sourceTree = "<group>"; };
/* End PBXFileReference section */

/* Begin PBXFrameworksBuildPhase section */
		8BB273DB29E5E128005A25DF /* Frameworks */ = {
			isa = PBXFrameworksBuildPhase;
			buildActionMask = 2147483647;
			files = (
			);
			runOnlyForDeploymentPostprocessing = 0;
		};
/* End PBXFrameworksBuildPhase section */

/* Begin PBXGroup section */
		8BB273D529E5E128005A25DF = {
			isa = PBXGroup;
			children = (
				8BB273E029E5E128005A25DF /* Devote */,
				8BB273DF29E5E128005A25DF /* Products */,
			);
			sourceTree = "<group>";
		};
		8BB273DF29E5E128005A25DF /* Products */ = {
			isa = PBXGroup;
			children = (
				8BB273DE29E5E128005A25DF /* Devote.app */,
			);
			name = Products;
			sourceTree = "<group>";
		};
		8BB273E029E5E128005A25DF /* Devote */ = {
			isa = PBXGroup;
			children = (
				8BB2740029E5E2C7005A25DF /* Info.plist */,
				8BB273E129E5E128005A25DF /* DevoteApp.swift */,
				8BB273FC29E5E23C005A25DF /* View */,
				8BB273FF29E5E266005A25DF /* Model */,
				8BB273FB29E5E22A005A25DF /* Extension */,
				8BB273E529E5E129005A25DF /* Assets.xcassets */,
				8BB273FA29E5E203005A25DF /* Sound */,
				8BB273FD29E5E24F005A25DF /* Utility */,
				8BB273FE29E5E256005A25DF /* Style */,
				8BB273E729E5E129005A25DF /* Preview Content */,
			);
			path = Devote;
			sourceTree = "<group>";
		};
		8BB273E729E5E129005A25DF /* Preview Content */ = {
			isa = PBXGroup;
			children = (
				8BB273E829E5E129005A25DF /* Preview Assets.xcassets */,
			);
			path = "Preview Content";
			sourceTree = "<group>";
		};
		8BB273FA29E5E203005A25DF /* Sound */ = {
			isa = PBXGroup;
			children = (
				8BB273F529E5E1FB005A25DF /* sound-ding.mp3 */,
				8BB273F429E5E1FB005A25DF /* sound-rise.mp3 */,
				8BB273F629E5E1FC005A25DF /* sound-tap.mp3 */,
			);
			path = Sound;
			sourceTree = "<group>";
		};
		8BB273FB29E5E22A005A25DF /* Extension */ = {
			isa = PBXGroup;
			children = (
				8BB2740729E737C0005A25DF /* View+ext.swift */,
			);
			path = Extension;
			sourceTree = "<group>";
		};
		8BB273FC29E5E23C005A25DF /* View */ = {
			isa = PBXGroup;
			children = (
				8BB273E329E5E128005A25DF /* ContentView.swift */,
				8BB2740929E74028005A25DF /* BackgroundImageView.swift */,
				8B7E616529EC122F007C69ED /* NewTaskItemView.swift */,
				8B7E616729EC2261007C69ED /* BlankView.swift */,
			);
			path = View;
			sourceTree = "<group>";
		};
		8BB273FD29E5E24F005A25DF /* Utility */ = {
			isa = PBXGroup;
			children = (
				8BB2740529E5EC89005A25DF /* Constant.swift */,
			);
			path = Utility;
			sourceTree = "<group>";
		};
		8BB273FE29E5E256005A25DF /* Style */ = {
			isa = PBXGroup;
			children = (
			);
			path = Style;
			sourceTree = "<group>";
		};
		8BB273FF29E5E266005A25DF /* Model */ = {
			isa = PBXGroup;
			children = (
				8BB273EA29E5E129005A25DF /* Persistence.swift */,
				8BB273EC29E5E129005A25DF /* Devote.xcdatamodeld */,
			);
			path = Model;
			sourceTree = "<group>";
		};
/* End PBXGroup section */

/* Begin PBXNativeTarget section */
		8BB273DD29E5E128005A25DF /* Devote */ = {
			isa = PBXNativeTarget;
			buildConfigurationList = 8BB273F129E5E129005A25DF /* Build configuration list for PBXNativeTarget "Devote" */;
			buildPhases = (
				8BB273DA29E5E128005A25DF /* Sources */,
				8BB273DB29E5E128005A25DF /* Frameworks */,
				8BB273DC29E5E128005A25DF /* Resources */,
			);
			buildRules = (
			);
			dependencies = (
			);
			name = Devote;
			productName = Devote;
			productReference = 8BB273DE29E5E128005A25DF /* Devote.app */;
			productType = "com.apple.product-type.application";
		};
/* End PBXNativeTarget section */

/* Begin PBXProject section */
		8BB273D629E5E128005A25DF /* Project object */ = {
			isa = PBXProject;
			attributes = {
				BuildIndependentTargetsInParallel = 1;
				LastSwiftUpdateCheck = 1430;
				LastUpgradeCheck = 1430;
				TargetAttributes = {
					8BB273DD29E5E128005A25DF = {
						CreatedOnToolsVersion = 14.3;
					};
				};
			};
			buildConfigurationList = 8BB273D929E5E128005A25DF /* Build configuration list for PBXProject "Devote" */;
			compatibilityVersion = "Xcode 14.0";
			developmentRegion = en;
			hasScannedForEncodings = 0;
			knownRegions = (
				en,
				Base,
			);
			mainGroup = 8BB273D529E5E128005A25DF;
			productRefGroup = 8BB273DF29E5E128005A25DF /* Products */;
			projectDirPath = "";
			projectRoot = "";
			targets = (
				8BB273DD29E5E128005A25DF /* Devote */,
			);
		};
/* End PBXProject section */

/* Begin PBXResourcesBuildPhase section */
		8BB273DC29E5E128005A25DF /* Resources */ = {
			isa = PBXResourcesBuildPhase;
			buildActionMask = 2147483647;
			files = (
				8BB273F829E5E1FC005A25DF /* sound-ding.mp3 in Resources */,
				8BB273F729E5E1FC005A25DF /* sound-rise.mp3 in Resources */,
				8BB273E929E5E129005A25DF /* Preview Assets.xcassets in Resources */,
				8BB273F929E5E1FC005A25DF /* sound-tap.mp3 in Resources */,
				8BB273E629E5E129005A25DF /* Assets.xcassets in Resources */,
			);
			runOnlyForDeploymentPostprocessing = 0;
		};
/* End PBXResourcesBuildPhase section */

/* Begin PBXSourcesBuildPhase section */
		8BB273DA29E5E128005A25DF /* Sources */ = {
			isa = PBXSourcesBuildPhase;
			buildActionMask = 2147483647;
			files = (
				8BB273EB29E5E129005A25DF /* Persistence.swift in Sources */,
				8BB2740A29E74028005A25DF /* BackgroundImageView.swift in Sources */,
				8BB273E429E5E128005A25DF /* ContentView.swift in Sources */,
				8BB2740629E5EC89005A25DF /* Constant.swift in Sources */,
				8B7E616829EC2261007C69ED /* BlankView.swift in Sources */,
				8BB273EE29E5E129005A25DF /* Devote.xcdatamodeld in Sources */,
				8BB2740829E737C0005A25DF /* View+ext.swift in Sources */,
				8BB273E229E5E128005A25DF /* DevoteApp.swift in Sources */,
				8B7E616629EC122F007C69ED /* NewTaskItemView.swift in Sources */,
			);
			runOnlyForDeploymentPostprocessing = 0;
		};
/* End PBXSourcesBuildPhase section */

/* Begin XCBuildConfiguration section */
		8BB273EF29E5E129005A25DF /* Debug */ = {
			isa = XCBuildConfiguration;
			buildSettings = {
				ALWAYS_SEARCH_USER_PATHS = NO;
				CLANG_ANALYZER_NONNULL = YES;
				CLANG_ANALYZER_NUMBER_OBJECT_CONVERSION = YES_AGGRESSIVE;
				CLANG_CXX_LANGUAGE_STANDARD = "gnu++20";
				CLANG_ENABLE_MODULES = YES;
				CLANG_ENABLE_OBJC_ARC = YES;
				CLANG_ENABLE_OBJC_WEAK = YES;
				CLANG_WARN_BLOCK_CAPTURE_AUTORELEASING = YES;
				CLANG_WARN_BOOL_CONVERSION = YES;
				CLANG_WARN_COMMA = YES;
				CLANG_WARN_CONSTANT_CONVERSION = YES;
				CLANG_WARN_DEPRECATED_OBJC_IMPLEMENTATIONS = YES;
				CLANG_WARN_DIRECT_OBJC_ISA_USAGE = YES_ERROR;
				CLANG_WARN_DOCUMENTATION_COMMENTS = YES;
				CLANG_WARN_EMPTY_BODY = YES;
				CLANG_WARN_ENUM_CONVERSION = YES;
				CLANG_WARN_INFINITE_RECURSION = YES;
				CLANG_WARN_INT_CONVERSION = YES;
				CLANG_WARN_NON_LITERAL_NULL_CONVERSION = YES;
				CLANG_WARN_OBJC_IMPLICIT_RETAIN_SELF = YES;
				CLANG_WARN_OBJC_LITERAL_CONVERSION = YES;
				CLANG_WARN_OBJC_ROOT_CLASS = YES_ERROR;
				CLANG_WARN_QUOTED_INCLUDE_IN_FRAMEWORK_HEADER = YES;
				CLANG_WARN_RANGE_LOOP_ANALYSIS = YES;
				CLANG_WARN_STRICT_PROTOTYPES = YES;
				CLANG_WARN_SUSPICIOUS_MOVE = YES;
				CLANG_WARN_UNGUARDED_AVAILABILITY = YES_AGGRESSIVE;
				CLANG_WARN_UNREACHABLE_CODE = YES;
				CLANG_WARN__DUPLICATE_METHOD_MATCH = YES;
				COPY_PHASE_STRIP = NO;
				DEBUG_INFORMATION_FORMAT = dwarf;
				ENABLE_STRICT_OBJC_MSGSEND = YES;
				ENABLE_TESTABILITY = YES;
				GCC_C_LANGUAGE_STANDARD = gnu11;
				GCC_DYNAMIC_NO_PIC = NO;
				GCC_NO_COMMON_BLOCKS = YES;
				GCC_OPTIMIZATION_LEVEL = 0;
				GCC_PREPROCESSOR_DEFINITIONS = (
					"DEBUG=1",
					"$(inherited)",
				);
				GCC_WARN_64_TO_32_BIT_CONVERSION = YES;
				GCC_WARN_ABOUT_RETURN_TYPE = YES_ERROR;
				GCC_WARN_UNDECLARED_SELECTOR = YES;
				GCC_WARN_UNINITIALIZED_AUTOS = YES_AGGRESSIVE;
				GCC_WARN_UNUSED_FUNCTION = YES;
				GCC_WARN_UNUSED_VARIABLE = YES;
				IPHONEOS_DEPLOYMENT_TARGET = 16.4;
				MTL_ENABLE_DEBUG_INFO = INCLUDE_SOURCE;
				MTL_FAST_MATH = YES;
				ONLY_ACTIVE_ARCH = YES;
				SDKROOT = iphoneos;
				SWIFT_ACTIVE_COMPILATION_CONDITIONS = DEBUG;
				SWIFT_OPTIMIZATION_LEVEL = "-Onone";
			};
			name = Debug;
		};
		8BB273F029E5E129005A25DF /* Release */ = {
			isa = XCBuildConfiguration;
			buildSettings = {
				ALWAYS_SEARCH_USER_PATHS = NO;
				CLANG_ANALYZER_NONNULL = YES;
				CLANG_ANALYZER_NUMBER_OBJECT_CONVERSION = YES_AGGRESSIVE;
				CLANG_CXX_LANGUAGE_STANDARD = "gnu++20";
				CLANG_ENABLE_MODULES = YES;
				CLANG_ENABLE_OBJC_ARC = YES;
				CLANG_ENABLE_OBJC_WEAK = YES;
				CLANG_WARN_BLOCK_CAPTURE_AUTORELEASING = YES;
				CLANG_WARN_BOOL_CONVERSION = YES;
				CLANG_WARN_COMMA = YES;
				CLANG_WARN_CONSTANT_CONVERSION = YES;
				CLANG_WARN_DEPRECATED_OBJC_IMPLEMENTATIONS = YES;
				CLANG_WARN_DIRECT_OBJC_ISA_USAGE = YES_ERROR;
				CLANG_WARN_DOCUMENTATION_COMMENTS = YES;
				CLANG_WARN_EMPTY_BODY = YES;
				CLANG_WARN_ENUM_CONVERSION = YES;
				CLANG_WARN_INFINITE_RECURSION = YES;
				CLANG_WARN_INT_CONVERSION = YES;
				CLANG_WARN_NON_LITERAL_NULL_CONVERSION = YES;
				CLANG_WARN_OBJC_IMPLICIT_RETAIN_SELF = YES;
				CLANG_WARN_OBJC_LITERAL_CONVERSION = YES;
				CLANG_WARN_OBJC_ROOT_CLASS = YES_ERROR;
				CLANG_WARN_QUOTED_INCLUDE_IN_FRAMEWORK_HEADER = YES;
				CLANG_WARN_RANGE_LOOP_ANALYSIS = YES;
				CLANG_WARN_STRICT_PROTOTYPES = YES;
				CLANG_WARN_SUSPICIOUS_MOVE = YES;
				CLANG_WARN_UNGUARDED_AVAILABILITY = YES_AGGRESSIVE;
				CLANG_WARN_UNREACHABLE_CODE = YES;
				CLANG_WARN__DUPLICATE_METHOD_MATCH = YES;
				COPY_PHASE_STRIP = NO;
				DEBUG_INFORMATION_FORMAT = "dwarf-with-dsym";
				ENABLE_NS_ASSERTIONS = NO;
				ENABLE_STRICT_OBJC_MSGSEND = YES;
				GCC_C_LANGUAGE_STANDARD = gnu11;
				GCC_NO_COMMON_BLOCKS = YES;
				GCC_WARN_64_TO_32_BIT_CONVERSION = YES;
				GCC_WARN_ABOUT_RETURN_TYPE = YES_ERROR;
				GCC_WARN_UNDECLARED_SELECTOR = YES;
				GCC_WARN_UNINITIALIZED_AUTOS = YES_AGGRESSIVE;
				GCC_WARN_UNUSED_FUNCTION = YES;
				GCC_WARN_UNUSED_VARIABLE = YES;
				IPHONEOS_DEPLOYMENT_TARGET = 16.4;
				MTL_ENABLE_DEBUG_INFO = NO;
				MTL_FAST_MATH = YES;
				SDKROOT = iphoneos;
				SWIFT_COMPILATION_MODE = wholemodule;
				SWIFT_OPTIMIZATION_LEVEL = "-O";
				VALIDATE_PRODUCT = YES;
			};
			name = Release;
		};
		8BB273F229E5E129005A25DF /* Debug */ = {
			isa = XCBuildConfiguration;
			buildSettings = {
				ASSETCATALOG_COMPILER_APPICON_NAME = AppIcon;
				ASSETCATALOG_COMPILER_GLOBAL_ACCENT_COLOR_NAME = AccentColor;
				CODE_SIGN_STYLE = Automatic;
				CURRENT_PROJECT_VERSION = 1;
				DEVELOPMENT_ASSET_PATHS = "\"Devote/Preview Content\"";
				DEVELOPMENT_TEAM = R55SB7N5G9;
				ENABLE_PREVIEWS = YES;
				GENERATE_INFOPLIST_FILE = YES;
				INFOPLIST_FILE = Devote/Info.plist;
				INFOPLIST_KEY_UIApplicationSceneManifest_Generation = YES;
				INFOPLIST_KEY_UIApplicationSupportsIndirectInputEvents = YES;
				INFOPLIST_KEY_UISupportedInterfaceOrientations = UIInterfaceOrientationPortrait;
				INFOPLIST_KEY_UISupportedInterfaceOrientations_iPad = "UIInterfaceOrientationLandscapeLeft UIInterfaceOrientationLandscapeRight UIInterfaceOrientationPortrait UIInterfaceOrientationPortraitUpsideDown";
				IPHONEOS_DEPLOYMENT_TARGET = 16.0;
				LD_RUNPATH_SEARCH_PATHS = (
					"$(inherited)",
					"@executable_path/Frameworks",
				);
				MARKETING_VERSION = 1.0;
				PRODUCT_BUNDLE_IDENTIFIER = dev.slashapp.Devote;
				PRODUCT_NAME = "$(TARGET_NAME)";
				SWIFT_EMIT_LOC_STRINGS = YES;
				SWIFT_VERSION = 5.0;
				TARGETED_DEVICE_FAMILY = "1,2";
			};
			name = Debug;
		};
		8BB273F329E5E129005A25DF /* Release */ = {
			isa = XCBuildConfiguration;
			buildSettings = {
				ASSETCATALOG_COMPILER_APPICON_NAME = AppIcon;
				ASSETCATALOG_COMPILER_GLOBAL_ACCENT_COLOR_NAME = AccentColor;
				CODE_SIGN_STYLE = Automatic;
				CURRENT_PROJECT_VERSION = 1;
				DEVELOPMENT_ASSET_PATHS = "\"Devote/Preview Content\"";
				DEVELOPMENT_TEAM = R55SB7N5G9;
				ENABLE_PREVIEWS = YES;
				GENERATE_INFOPLIST_FILE = YES;
				INFOPLIST_FILE = Devote/Info.plist;
				INFOPLIST_KEY_UIApplicationSceneManifest_Generation = YES;
				INFOPLIST_KEY_UIApplicationSupportsIndirectInputEvents = YES;
				INFOPLIST_KEY_UISupportedInterfaceOrientations = UIInterfaceOrientationPortrait;
				INFOPLIST_KEY_UISupportedInterfaceOrientations_iPad = "UIInterfaceOrientationLandscapeLeft UIInterfaceOrientationLandscapeRight UIInterfaceOrientationPortrait UIInterfaceOrientationPortraitUpsideDown";
				IPHONEOS_DEPLOYMENT_TARGET = 16.0;
				LD_RUNPATH_SEARCH_PATHS = (
					"$(inherited)",
					"@executable_path/Frameworks",
				);
				MARKETING_VERSION = 1.0;
				PRODUCT_BUNDLE_IDENTIFIER = dev.slashapp.Devote;
				PRODUCT_NAME = "$(TARGET_NAME)";
				SWIFT_EMIT_LOC_STRINGS = YES;
				SWIFT_VERSION = 5.0;
				TARGETED_DEVICE_FAMILY = "1,2";
			};
			name = Release;
		};
/* End XCBuildConfiguration section */

/* Begin XCConfigurationList section */
		8BB273D929E5E128005A25DF /* Build configuration list for PBXProject "Devote" */ = {
			isa = XCConfigurationList;
			buildConfigurations = (
				8BB273EF29E5E129005A25DF /* Debug */,
				8BB273F029E5E129005A25DF /* Release */,
			);
			defaultConfigurationIsVisible = 0;
			defaultConfigurationName = Release;
		};
		8BB273F129E5E129005A25DF /* Build configuration list for PBXNativeTarget "Devote" */ = {
			isa = XCConfigurationList;
			buildConfigurations = (
				8BB273F229E5E129005A25DF /* Debug */,
				8BB273F329E5E129005A25DF /* Release */,
			);
			defaultConfigurationIsVisible = 0;
			defaultConfigurationName = Release;
		};
/* End XCConfigurationList section */

/* Begin XCVersionGroup section */
		8BB273EC29E5E129005A25DF /* Devote.xcdatamodeld */ = {
			isa = XCVersionGroup;
			children = (
				8BB273ED29E5E129005A25DF /* Devote.xcdatamodel */,
			);
			currentVersion = 8BB273ED29E5E129005A25DF /* Devote.xcdatamodel */;
			path = Devote.xcdatamodeld;
			sourceTree = "<group>";
			versionGroupType = wrapper.xcdatamodel;
		};
/* End XCVersionGroup section */
	};
	rootObject = 8BB273D629E5E128005A25DF /* Project object */;
}
